// !$*UTF8*$!
{
	archiveVersion = 1;
	classes = {
	};
	objectVersion = 50;
	objects = {

/* Begin PBXBuildFile section */
		04A031F026A1F758007ABC82 /* AppDelegate.swift in Sources */ = {isa = PBXBuildFile; fileRef = 04A031EF26A1F758007ABC82 /* AppDelegate.swift */; };
		04A031F226A1F758007ABC82 /* SceneDelegate.swift in Sources */ = {isa = PBXBuildFile; fileRef = 04A031F126A1F758007ABC82 /* SceneDelegate.swift */; };
		04A031F426A1F758007ABC82 /* ViewController.swift in Sources */ = {isa = PBXBuildFile; fileRef = 04A031F326A1F758007ABC82 /* ViewController.swift */; };
		04A031F726A1F758007ABC82 /* Main.storyboard in Resources */ = {isa = PBXBuildFile; fileRef = 04A031F526A1F758007ABC82 /* Main.storyboard */; };
		04A031FA26A1F758007ABC82 /* Este_e_Lauder.xcdatamodeld in Sources */ = {isa = PBXBuildFile; fileRef = 04A031F826A1F758007ABC82 /* Este_e_Lauder.xcdatamodeld */; };
		04A031FC26A1F760007ABC82 /* Assets.xcassets in Resources */ = {isa = PBXBuildFile; fileRef = 04A031FB26A1F760007ABC82 /* Assets.xcassets */; };
		04A031FF26A1F760007ABC82 /* LaunchScreen.storyboard in Resources */ = {isa = PBXBuildFile; fileRef = 04A031FD26A1F760007ABC82 /* LaunchScreen.storyboard */; };
		04A0320A26A1F761007ABC82 /* Este_e_LauderTests.swift in Sources */ = {isa = PBXBuildFile; fileRef = 04A0320926A1F761007ABC82 /* Este_e_LauderTests.swift */; };
		04A0321526A1F761007ABC82 /* Este_e_LauderUITests.swift in Sources */ = {isa = PBXBuildFile; fileRef = 04A0321426A1F761007ABC82 /* Este_e_LauderUITests.swift */; };
		04A0322326A21ED3007ABC82 /* ViewController2.swift in Sources */ = {isa = PBXBuildFile; fileRef = 04A0322226A21ED3007ABC82 /* ViewController2.swift */; };
		04A0322526A21FA6007ABC82 /* ViewController3.swift in Sources */ = {isa = PBXBuildFile; fileRef = 04A0322426A21FA6007ABC82 /* ViewController3.swift */; };
		04A0322726A2237D007ABC82 /* ViewController4.swift in Sources */ = {isa = PBXBuildFile; fileRef = 04A0322626A2237D007ABC82 /* ViewController4.swift */; };
/* End PBXBuildFile section */

/* Begin PBXContainerItemProxy section */
		04A0320626A1F761007ABC82 /* PBXContainerItemProxy */ = {
			isa = PBXContainerItemProxy;
			containerPortal = 04A031E426A1F758007ABC82 /* Project object */;
			proxyType = 1;
			remoteGlobalIDString = 04A031EB26A1F758007ABC82;
			remoteInfo = "Estée Lauder";
		};
		04A0321126A1F761007ABC82 /* PBXContainerItemProxy */ = {
			isa = PBXContainerItemProxy;
			containerPortal = 04A031E426A1F758007ABC82 /* Project object */;
			proxyType = 1;
			remoteGlobalIDString = 04A031EB26A1F758007ABC82;
			remoteInfo = "Estée Lauder";
		};
/* End PBXContainerItemProxy section */

/* Begin PBXFileReference section */
		04A031EC26A1F758007ABC82 /* Estée Lauder.app */ = {isa = PBXFileReference; explicitFileType = wrapper.application; includeInIndex = 0; path = "Estée Lauder.app"; sourceTree = BUILT_PRODUCTS_DIR; };
		04A031EF26A1F758007ABC82 /* AppDelegate.swift */ = {isa = PBXFileReference; lastKnownFileType = sourcecode.swift; path = AppDelegate.swift; sourceTree = "<group>"; };
		04A031F126A1F758007ABC82 /* SceneDelegate.swift */ = {isa = PBXFileReference; lastKnownFileType = sourcecode.swift; path = SceneDelegate.swift; sourceTree = "<group>"; };
		04A031F326A1F758007ABC82 /* ViewController.swift */ = {isa = PBXFileReference; lastKnownFileType = sourcecode.swift; path = ViewController.swift; sourceTree = "<group>"; };
		04A031F626A1F758007ABC82 /* Base */ = {isa = PBXFileReference; lastKnownFileType = file.storyboard; name = Base; path = Base.lproj/Main.storyboard; sourceTree = "<group>"; };
		04A031F926A1F758007ABC82 /* Este_e_Lauder.xcdatamodel */ = {isa = PBXFileReference; lastKnownFileType = wrapper.xcdatamodel; path = Este_e_Lauder.xcdatamodel; sourceTree = "<group>"; };
		04A031FB26A1F760007ABC82 /* Assets.xcassets */ = {isa = PBXFileReference; lastKnownFileType = folder.assetcatalog; path = Assets.xcassets; sourceTree = "<group>"; };
		04A031FE26A1F760007ABC82 /* Base */ = {isa = PBXFileReference; lastKnownFileType = file.storyboard; name = Base; path = Base.lproj/LaunchScreen.storyboard; sourceTree = "<group>"; };
		04A0320026A1F760007ABC82 /* Info.plist */ = {isa = PBXFileReference; lastKnownFileType = text.plist.xml; path = Info.plist; sourceTree = "<group>"; };
		04A0320526A1F761007ABC82 /* Estée LauderTests.xctest */ = {isa = PBXFileReference; explicitFileType = wrapper.cfbundle; includeInIndex = 0; path = "Estée LauderTests.xctest"; sourceTree = BUILT_PRODUCTS_DIR; };
		04A0320926A1F761007ABC82 /* Este_e_LauderTests.swift */ = {isa = PBXFileReference; lastKnownFileType = sourcecode.swift; path = Este_e_LauderTests.swift; sourceTree = "<group>"; };
		04A0320B26A1F761007ABC82 /* Info.plist */ = {isa = PBXFileReference; lastKnownFileType = text.plist.xml; path = Info.plist; sourceTree = "<group>"; };
		04A0321026A1F761007ABC82 /* Estée LauderUITests.xctest */ = {isa = PBXFileReference; explicitFileType = wrapper.cfbundle; includeInIndex = 0; path = "Estée LauderUITests.xctest"; sourceTree = BUILT_PRODUCTS_DIR; };
		04A0321426A1F761007ABC82 /* Este_e_LauderUITests.swift */ = {isa = PBXFileReference; lastKnownFileType = sourcecode.swift; path = Este_e_LauderUITests.swift; sourceTree = "<group>"; };
		04A0321626A1F761007ABC82 /* Info.plist */ = {isa = PBXFileReference; lastKnownFileType = text.plist.xml; path = Info.plist; sourceTree = "<group>"; };
		04A0322226A21ED3007ABC82 /* ViewController2.swift */ = {isa = PBXFileReference; lastKnownFileType = sourcecode.swift; path = ViewController2.swift; sourceTree = "<group>"; };
		04A0322426A21FA6007ABC82 /* ViewController3.swift */ = {isa = PBXFileReference; lastKnownFileType = sourcecode.swift; path = ViewController3.swift; sourceTree = "<group>"; };
		04A0322626A2237D007ABC82 /* ViewController4.swift */ = {isa = PBXFileReference; lastKnownFileType = sourcecode.swift; path = ViewController4.swift; sourceTree = "<group>"; };
/* End PBXFileReference section */

/* Begin PBXFrameworksBuildPhase section */
		04A031E926A1F758007ABC82 /* Frameworks */ = {
			isa = PBXFrameworksBuildPhase;
			buildActionMask = 2147483647;
			files = (
			);
			runOnlyForDeploymentPostprocessing = 0;
		};
		04A0320226A1F761007ABC82 /* Frameworks */ = {
			isa = PBXFrameworksBuildPhase;
			buildActionMask = 2147483647;
			files = (
			);
			runOnlyForDeploymentPostprocessing = 0;
		};
		04A0320D26A1F761007ABC82 /* Frameworks */ = {
			isa = PBXFrameworksBuildPhase;
			buildActionMask = 2147483647;
			files = (
			);
			runOnlyForDeploymentPostprocessing = 0;
		};
/* End PBXFrameworksBuildPhase section */

/* Begin PBXGroup section */
		04A031E326A1F758007ABC82 = {
			isa = PBXGroup;
			children = (
				04A031EE26A1F758007ABC82 /* Estée Lauder */,
				04A0320826A1F761007ABC82 /* Estée LauderTests */,
				04A0321326A1F761007ABC82 /* Estée LauderUITests */,
				04A031ED26A1F758007ABC82 /* Products */,
			);
			sourceTree = "<group>";
		};
		04A031ED26A1F758007ABC82 /* Products */ = {
			isa = PBXGroup;
			children = (
				04A031EC26A1F758007ABC82 /* Estée Lauder.app */,
				04A0320526A1F761007ABC82 /* Estée LauderTests.xctest */,
				04A0321026A1F761007ABC82 /* Estée LauderUITests.xctest */,
			);
			name = Products;
			sourceTree = "<group>";
		};
		04A031EE26A1F758007ABC82 /* Estée Lauder */ = {
			isa = PBXGroup;
			children = (
				04A031EF26A1F758007ABC82 /* AppDelegate.swift */,
				04A031F126A1F758007ABC82 /* SceneDelegate.swift */,
				04A031F526A1F758007ABC82 /* Main.storyboard */,
				04A031FB26A1F760007ABC82 /* Assets.xcassets */,
				04A031FD26A1F760007ABC82 /* LaunchScreen.storyboard */,
				04A0320026A1F760007ABC82 /* Info.plist */,
				04A031F826A1F758007ABC82 /* Este_e_Lauder.xcdatamodeld */,
				04A031F326A1F758007ABC82 /* ViewController.swift */,
				04A0322226A21ED3007ABC82 /* ViewController2.swift */,
				04A0322426A21FA6007ABC82 /* ViewController3.swift */,
				04A0322626A2237D007ABC82 /* ViewController4.swift */,
			);
			path = "Estée Lauder";
			sourceTree = "<group>";
		};
		04A0320826A1F761007ABC82 /* Estée LauderTests */ = {
			isa = PBXGroup;
			children = (
				04A0320926A1F761007ABC82 /* Este_e_LauderTests.swift */,
				04A0320B26A1F761007ABC82 /* Info.plist */,
			);
			path = "Estée LauderTests";
			sourceTree = "<group>";
		};
		04A0321326A1F761007ABC82 /* Estée LauderUITests */ = {
			isa = PBXGroup;
			children = (
				04A0321426A1F761007ABC82 /* Este_e_LauderUITests.swift */,
				04A0321626A1F761007ABC82 /* Info.plist */,
			);
			path = "Estée LauderUITests";
			sourceTree = "<group>";
		};
/* End PBXGroup section */

/* Begin PBXNativeTarget section */
		04A031EB26A1F758007ABC82 /* Estée Lauder */ = {
			isa = PBXNativeTarget;
			buildConfigurationList = 04A0321926A1F761007ABC82 /* Build configuration list for PBXNativeTarget "Estée Lauder" */;
			buildPhases = (
				04A031E826A1F758007ABC82 /* Sources */,
				04A031E926A1F758007ABC82 /* Frameworks */,
				04A031EA26A1F758007ABC82 /* Resources */,
			);
			buildRules = (
			);
			dependencies = (
			);
			name = "Estée Lauder";
			productName = "Estée Lauder";
			productReference = 04A031EC26A1F758007ABC82 /* Estée Lauder.app */;
			productType = "com.apple.product-type.application";
		};
		04A0320426A1F761007ABC82 /* Estée LauderTests */ = {
			isa = PBXNativeTarget;
			buildConfigurationList = 04A0321C26A1F761007ABC82 /* Build configuration list for PBXNativeTarget "Estée LauderTests" */;
			buildPhases = (
				04A0320126A1F761007ABC82 /* Sources */,
				04A0320226A1F761007ABC82 /* Frameworks */,
				04A0320326A1F761007ABC82 /* Resources */,
			);
			buildRules = (
			);
			dependencies = (
				04A0320726A1F761007ABC82 /* PBXTargetDependency */,
			);
			name = "Estée LauderTests";
			productName = "Estée LauderTests";
			productReference = 04A0320526A1F761007ABC82 /* Estée LauderTests.xctest */;
			productType = "com.apple.product-type.bundle.unit-test";
		};
		04A0320F26A1F761007ABC82 /* Estée LauderUITests */ = {
			isa = PBXNativeTarget;
			buildConfigurationList = 04A0321F26A1F761007ABC82 /* Build configuration list for PBXNativeTarget "Estée LauderUITests" */;
			buildPhases = (
				04A0320C26A1F761007ABC82 /* Sources */,
				04A0320D26A1F761007ABC82 /* Frameworks */,
				04A0320E26A1F761007ABC82 /* Resources */,
			);
			buildRules = (
			);
			dependencies = (
				04A0321226A1F761007ABC82 /* PBXTargetDependency */,
			);
			name = "Estée LauderUITests";
			productName = "Estée LauderUITests";
			productReference = 04A0321026A1F761007ABC82 /* Estée LauderUITests.xctest */;
			productType = "com.apple.product-type.bundle.ui-testing";
		};
/* End PBXNativeTarget section */

/* Begin PBXProject section */
		04A031E426A1F758007ABC82 /* Project object */ = {
			isa = PBXProject;
			attributes = {
				LastSwiftUpdateCheck = 1250;
				LastUpgradeCheck = 1250;
				TargetAttributes = {
					04A031EB26A1F758007ABC82 = {
						CreatedOnToolsVersion = 12.5.1;
					};
					04A0320426A1F761007ABC82 = {
						CreatedOnToolsVersion = 12.5.1;
						TestTargetID = 04A031EB26A1F758007ABC82;
					};
					04A0320F26A1F761007ABC82 = {
						CreatedOnToolsVersion = 12.5.1;
						TestTargetID = 04A031EB26A1F758007ABC82;
					};
				};
			};
			buildConfigurationList = 04A031E726A1F758007ABC82 /* Build configuration list for PBXProject "Estée Lauder" */;
			compatibilityVersion = "Xcode 9.3";
			developmentRegion = en;
			hasScannedForEncodings = 0;
			knownRegions = (
				en,
				Base,
			);
			mainGroup = 04A031E326A1F758007ABC82;
			productRefGroup = 04A031ED26A1F758007ABC82 /* Products */;
			projectDirPath = "";
			projectRoot = "";
			targets = (
				04A031EB26A1F758007ABC82 /* Estée Lauder */,
				04A0320426A1F761007ABC82 /* Estée LauderTests */,
				04A0320F26A1F761007ABC82 /* Estée LauderUITests */,
			);
		};
/* End PBXProject section */

/* Begin PBXResourcesBuildPhase section */
		04A031EA26A1F758007ABC82 /* Resources */ = {
			isa = PBXResourcesBuildPhase;
			buildActionMask = 2147483647;
			files = (
				04A031FF26A1F760007ABC82 /* LaunchScreen.storyboard in Resources */,
				04A031FC26A1F760007ABC82 /* Assets.xcassets in Resources */,
				04A031F726A1F758007ABC82 /* Main.storyboard in Resources */,
			);
			runOnlyForDeploymentPostprocessing = 0;
		};
		04A0320326A1F761007ABC82 /* Resources */ = {
			isa = PBXResourcesBuildPhase;
			buildActionMask = 2147483647;
			files = (
			);
			runOnlyForDeploymentPostprocessing = 0;
		};
		04A0320E26A1F761007ABC82 /* Resources */ = {
			isa = PBXResourcesBuildPhase;
			buildActionMask = 2147483647;
			files = (
			);
			runOnlyForDeploymentPostprocessing = 0;
		};
/* End PBXResourcesBuildPhase section */

/* Begin PBXSourcesBuildPhase section */
		04A031E826A1F758007ABC82 /* Sources */ = {
			isa = PBXSourcesBuildPhase;
			buildActionMask = 2147483647;
			files = (
				04A0322326A21ED3007ABC82 /* ViewController2.swift in Sources */,
				04A0322726A2237D007ABC82 /* ViewController4.swift in Sources */,
				04A031F426A1F758007ABC82 /* ViewController.swift in Sources */,
				04A0322526A21FA6007ABC82 /* ViewController3.swift in Sources */,
				04A031F026A1F758007ABC82 /* AppDelegate.swift in Sources */,
				04A031F226A1F758007ABC82 /* SceneDelegate.swift in Sources */,
				04A031FA26A1F758007ABC82 /* Este_e_Lauder.xcdatamodeld in Sources */,
			);
			runOnlyForDeploymentPostprocessing = 0;
		};
		04A0320126A1F761007ABC82 /* Sources */ = {
			isa = PBXSourcesBuildPhase;
			buildActionMask = 2147483647;
			files = (
				04A0320A26A1F761007ABC82 /* Este_e_LauderTests.swift in Sources */,
			);
			runOnlyForDeploymentPostprocessing = 0;
		};
		04A0320C26A1F761007ABC82 /* Sources */ = {
			isa = PBXSourcesBuildPhase;
			buildActionMask = 2147483647;
			files = (
				04A0321526A1F761007ABC82 /* Este_e_LauderUITests.swift in Sources */,
			);
			runOnlyForDeploymentPostprocessing = 0;
		};
/* End PBXSourcesBuildPhase section */

/* Begin PBXTargetDependency section */
		04A0320726A1F761007ABC82 /* PBXTargetDependency */ = {
			isa = PBXTargetDependency;
			target = 04A031EB26A1F758007ABC82 /* Estée Lauder */;
			targetProxy = 04A0320626A1F761007ABC82 /* PBXContainerItemProxy */;
		};
		04A0321226A1F761007ABC82 /* PBXTargetDependency */ = {
			isa = PBXTargetDependency;
			target = 04A031EB26A1F758007ABC82 /* Estée Lauder */;
			targetProxy = 04A0321126A1F761007ABC82 /* PBXContainerItemProxy */;
		};
/* End PBXTargetDependency section */

/* Begin PBXVariantGroup section */
		04A031F526A1F758007ABC82 /* Main.storyboard */ = {
			isa = PBXVariantGroup;
			children = (
				04A031F626A1F758007ABC82 /* Base */,
			);
			name = Main.storyboard;
			sourceTree = "<group>";
		};
		04A031FD26A1F760007ABC82 /* LaunchScreen.storyboard */ = {
			isa = PBXVariantGroup;
			children = (
				04A031FE26A1F760007ABC82 /* Base */,
			);
			name = LaunchScreen.storyboard;
			sourceTree = "<group>";
		};
/* End PBXVariantGroup section */

/* Begin XCBuildConfiguration section */
		04A0321726A1F761007ABC82 /* Debug */ = {
			isa = XCBuildConfiguration;
			buildSettings = {
				ALWAYS_SEARCH_USER_PATHS = NO;
				CLANG_ANALYZER_NONNULL = YES;
				CLANG_ANALYZER_NUMBER_OBJECT_CONVERSION = YES_AGGRESSIVE;
				CLANG_CXX_LANGUAGE_STANDARD = "gnu++14";
				CLANG_CXX_LIBRARY = "libc++";
				CLANG_ENABLE_MODULES = YES;
				CLANG_ENABLE_OBJC_ARC = YES;
				CLANG_ENABLE_OBJC_WEAK = YES;
				CLANG_WARN_BLOCK_CAPTURE_AUTORELEASING = YES;
				CLANG_WARN_BOOL_CONVERSION = YES;
				CLANG_WARN_COMMA = YES;
				CLANG_WARN_CONSTANT_CONVERSION = YES;
				CLANG_WARN_DEPRECATED_OBJC_IMPLEMENTATIONS = YES;
				CLANG_WARN_DIRECT_OBJC_ISA_USAGE = YES_ERROR;
				CLANG_WARN_DOCUMENTATION_COMMENTS = YES;
				CLANG_WARN_EMPTY_BODY = YES;
				CLANG_WARN_ENUM_CONVERSION = YES;
				CLANG_WARN_INFINITE_RECURSION = YES;
				CLANG_WARN_INT_CONVERSION = YES;
				CLANG_WARN_NON_LITERAL_NULL_CONVERSION = YES;
				CLANG_WARN_OBJC_IMPLICIT_RETAIN_SELF = YES;
				CLANG_WARN_OBJC_LITERAL_CONVERSION = YES;
				CLANG_WARN_OBJC_ROOT_CLASS = YES_ERROR;
				CLANG_WARN_QUOTED_INCLUDE_IN_FRAMEWORK_HEADER = YES;
				CLANG_WARN_RANGE_LOOP_ANALYSIS = YES;
				CLANG_WARN_STRICT_PROTOTYPES = YES;
				CLANG_WARN_SUSPICIOUS_MOVE = YES;
				CLANG_WARN_UNGUARDED_AVAILABILITY = YES_AGGRESSIVE;
				CLANG_WARN_UNREACHABLE_CODE = YES;
				CLANG_WARN__DUPLICATE_METHOD_MATCH = YES;
				COPY_PHASE_STRIP = NO;
				DEBUG_INFORMATION_FORMAT = dwarf;
				ENABLE_STRICT_OBJC_MSGSEND = YES;
				ENABLE_TESTABILITY = YES;
				GCC_C_LANGUAGE_STANDARD = gnu11;
				GCC_DYNAMIC_NO_PIC = NO;
				GCC_NO_COMMON_BLOCKS = YES;
				GCC_OPTIMIZATION_LEVEL = 0;
				GCC_PREPROCESSOR_DEFINITIONS = (
					"DEBUG=1",
					"$(inherited)",
				);
				GCC_WARN_64_TO_32_BIT_CONVERSION = YES;
				GCC_WARN_ABOUT_RETURN_TYPE = YES_ERROR;
				GCC_WARN_UNDECLARED_SELECTOR = YES;
				GCC_WARN_UNINITIALIZED_AUTOS = YES_AGGRESSIVE;
				GCC_WARN_UNUSED_FUNCTION = YES;
				GCC_WARN_UNUSED_VARIABLE = YES;
				IPHONEOS_DEPLOYMENT_TARGET = 14.5;
				MTL_ENABLE_DEBUG_INFO = INCLUDE_SOURCE;
				MTL_FAST_MATH = YES;
				ONLY_ACTIVE_ARCH = YES;
				SDKROOT = iphoneos;
				SWIFT_ACTIVE_COMPILATION_CONDITIONS = DEBUG;
				SWIFT_OPTIMIZATION_LEVEL = "-Onone";
			};
			name = Debug;
		};
		04A0321826A1F761007ABC82 /* Release */ = {
			isa = XCBuildConfiguration;
			buildSettings = {
				ALWAYS_SEARCH_USER_PATHS = NO;
				CLANG_ANALYZER_NONNULL = YES;
				CLANG_ANALYZER_NUMBER_OBJECT_CONVERSION = YES_AGGRESSIVE;
				CLANG_CXX_LANGUAGE_STANDARD = "gnu++14";
				CLANG_CXX_LIBRARY = "libc++";
				CLANG_ENABLE_MODULES = YES;
				CLANG_ENABLE_OBJC_ARC = YES;
				CLANG_ENABLE_OBJC_WEAK = YES;
				CLANG_WARN_BLOCK_CAPTURE_AUTORELEASING = YES;
				CLANG_WARN_BOOL_CONVERSION = YES;
				CLANG_WARN_COMMA = YES;
				CLANG_WARN_CONSTANT_CONVERSION = YES;
				CLANG_WARN_DEPRECATED_OBJC_IMPLEMENTATIONS = YES;
				CLANG_WARN_DIRECT_OBJC_ISA_USAGE = YES_ERROR;
				CLANG_WARN_DOCUMENTATION_COMMENTS = YES;
				CLANG_WARN_EMPTY_BODY = YES;
				CLANG_WARN_ENUM_CONVERSION = YES;
				CLANG_WARN_INFINITE_RECURSION = YES;
				CLANG_WARN_INT_CONVERSION = YES;
				CLANG_WARN_NON_LITERAL_NULL_CONVERSION = YES;
				CLANG_WARN_OBJC_IMPLICIT_RETAIN_SELF = YES;
				CLANG_WARN_OBJC_LITERAL_CONVERSION = YES;
				CLANG_WARN_OBJC_ROOT_CLASS = YES_ERROR;
				CLANG_WARN_QUOTED_INCLUDE_IN_FRAMEWORK_HEADER = YES;
				CLANG_WARN_RANGE_LOOP_ANALYSIS = YES;
				CLANG_WARN_STRICT_PROTOTYPES = YES;
				CLANG_WARN_SUSPICIOUS_MOVE = YES;
				CLANG_WARN_UNGUARDED_AVAILABILITY = YES_AGGRESSIVE;
				CLANG_WARN_UNREACHABLE_CODE = YES;
				CLANG_WARN__DUPLICATE_METHOD_MATCH = YES;
				COPY_PHASE_STRIP = NO;
				DEBUG_INFORMATION_FORMAT = "dwarf-with-dsym";
				ENABLE_NS_ASSERTIONS = NO;
				ENABLE_STRICT_OBJC_MSGSEND = YES;
				GCC_C_LANGUAGE_STANDARD = gnu11;
				GCC_NO_COMMON_BLOCKS = YES;
				GCC_WARN_64_TO_32_BIT_CONVERSION = YES;
				GCC_WARN_ABOUT_RETURN_TYPE = YES_ERROR;
				GCC_WARN_UNDECLARED_SELECTOR = YES;
				GCC_WARN_UNINITIALIZED_AUTOS = YES_AGGRESSIVE;
				GCC_WARN_UNUSED_FUNCTION = YES;
				GCC_WARN_UNUSED_VARIABLE = YES;
				IPHONEOS_DEPLOYMENT_TARGET = 14.5;
				MTL_ENABLE_DEBUG_INFO = NO;
				MTL_FAST_MATH = YES;
				SDKROOT = iphoneos;
				SWIFT_COMPILATION_MODE = wholemodule;
				SWIFT_OPTIMIZATION_LEVEL = "-O";
				VALIDATE_PRODUCT = YES;
			};
			name = Release;
		};
		04A0321A26A1F761007ABC82 /* Debug */ = {
			isa = XCBuildConfiguration;
			buildSettings = {
				ASSETCATALOG_COMPILER_APPICON_NAME = AppIcon;
				ASSETCATALOG_COMPILER_GLOBAL_ACCENT_COLOR_NAME = AccentColor;
				CODE_SIGN_STYLE = Automatic;
				INFOPLIST_FILE = "Estée Lauder/Info.plist";
				LD_RUNPATH_SEARCH_PATHS = (
					"$(inherited)",
					"@executable_path/Frameworks",
				);
				PRODUCT_BUNDLE_IDENTIFIER = "KelseyMoore.Este-e-Lauder";
				PRODUCT_NAME = "$(TARGET_NAME)";
				SWIFT_VERSION = 5.0;
				TARGETED_DEVICE_FAMILY = "1,2";
			};
			name = Debug;
		};
		04A0321B26A1F761007ABC82 /* Release */ = {
			isa = XCBuildConfiguration;
			buildSettings = {
				ASSETCATALOG_COMPILER_APPICON_NAME = AppIcon;
				ASSETCATALOG_COMPILER_GLOBAL_ACCENT_COLOR_NAME = AccentColor;
				CODE_SIGN_STYLE = Automatic;
				INFOPLIST_FILE = "Estée Lauder/Info.plist";
				LD_RUNPATH_SEARCH_PATHS = (
					"$(inherited)",
					"@executable_path/Frameworks",
				);
				PRODUCT_BUNDLE_IDENTIFIER = "KelseyMoore.Este-e-Lauder";
				PRODUCT_NAME = "$(TARGET_NAME)";
				SWIFT_VERSION = 5.0;
				TARGETED_DEVICE_FAMILY = "1,2";
			};
			name = Release;
		};
		04A0321D26A1F761007ABC82 /* Debug */ = {
			isa = XCBuildConfiguration;
			buildSettings = {
				ALWAYS_EMBED_SWIFT_STANDARD_LIBRARIES = YES;
				BUNDLE_LOADER = "$(TEST_HOST)";
				CODE_SIGN_STYLE = Automatic;
				INFOPLIST_FILE = "Estée LauderTests/Info.plist";
				IPHONEOS_DEPLOYMENT_TARGET = 14.5;
				LD_RUNPATH_SEARCH_PATHS = (
					"$(inherited)",
					"@executable_path/Frameworks",
					"@loader_path/Frameworks",
				);
				PRODUCT_BUNDLE_IDENTIFIER = "KelseyMoore.Este-e-LauderTests";
				PRODUCT_NAME = "$(TARGET_NAME)";
				SWIFT_VERSION = 5.0;
				TARGETED_DEVICE_FAMILY = "1,2";
				TEST_HOST = "$(BUILT_PRODUCTS_DIR)/Estée Lauder.app/Estée Lauder";
			};
			name = Debug;
		};
		04A0321E26A1F761007ABC82 /* Release */ = {
			isa = XCBuildConfiguration;
			buildSettings = {
				ALWAYS_EMBED_SWIFT_STANDARD_LIBRARIES = YES;
				BUNDLE_LOADER = "$(TEST_HOST)";
				CODE_SIGN_STYLE = Automatic;
				INFOPLIST_FILE = "Estée LauderTests/Info.plist";
				IPHONEOS_DEPLOYMENT_TARGET = 14.5;
				LD_RUNPATH_SEARCH_PATHS = (
					"$(inherited)",
					"@executable_path/Frameworks",
					"@loader_path/Frameworks",
				);
				PRODUCT_BUNDLE_IDENTIFIER = "KelseyMoore.Este-e-LauderTests";
				PRODUCT_NAME = "$(TARGET_NAME)";
				SWIFT_VERSION = 5.0;
				TARGETED_DEVICE_FAMILY = "1,2";
				TEST_HOST = "$(BUILT_PRODUCTS_DIR)/Estée Lauder.app/Estée Lauder";
			};
			name = Release;
		};
		04A0322026A1F761007ABC82 /* Debug */ = {
			isa = XCBuildConfiguration;
			buildSettings = {
				ALWAYS_EMBED_SWIFT_STANDARD_LIBRARIES = YES;
				CODE_SIGN_STYLE = Automatic;
				INFOPLIST_FILE = "Estée LauderUITests/Info.plist";
				LD_RUNPATH_SEARCH_PATHS = (
					"$(inherited)",
					"@executable_path/Frameworks",
					"@loader_path/Frameworks",
				);
				PRODUCT_BUNDLE_IDENTIFIER = "KelseyMoore.Este-e-LauderUITests";
				PRODUCT_NAME = "$(TARGET_NAME)";
				SWIFT_VERSION = 5.0;
				TARGETED_DEVICE_FAMILY = "1,2";
				TEST_TARGET_NAME = "Estée Lauder";
			};
			name = Debug;
		};
		04A0322126A1F761007ABC82 /* Release */ = {
			isa = XCBuildConfiguration;
			buildSettings = {
				ALWAYS_EMBED_SWIFT_STANDARD_LIBRARIES = YES;
				CODE_SIGN_STYLE = Automatic;
				INFOPLIST_FILE = "Estée LauderUITests/Info.plist";
				LD_RUNPATH_SEARCH_PATHS = (
					"$(inherited)",
					"@executable_path/Frameworks",
					"@loader_path/Frameworks",
				);
				PRODUCT_BUNDLE_IDENTIFIER = "KelseyMoore.Este-e-LauderUITests";
				PRODUCT_NAME = "$(TARGET_NAME)";
				SWIFT_VERSION = 5.0;
				TARGETED_DEVICE_FAMILY = "1,2";
				TEST_TARGET_NAME = "Estée Lauder";
			};
			name = Release;
		};
/* End XCBuildConfiguration section */

/* Begin XCConfigurationList section */
		04A031E726A1F758007ABC82 /* Build configuration list for PBXProject "Estée Lauder" */ = {
			isa = XCConfigurationList;
			buildConfigurations = (
				04A0321726A1F761007ABC82 /* Debug */,
				04A0321826A1F761007ABC82 /* Release */,
			);
			defaultConfigurationIsVisible = 0;
			defaultConfigurationName = Release;
		};
		04A0321926A1F761007ABC82 /* Build configuration list for PBXNativeTarget "Estée Lauder" */ = {
			isa = XCConfigurationList;
			buildConfigurations = (
				04A0321A26A1F761007ABC82 /* Debug */,
				04A0321B26A1F761007ABC82 /* Release */,
			);
			defaultConfigurationIsVisible = 0;
			defaultConfigurationName = Release;
		};
		04A0321C26A1F761007ABC82 /* Build configuration list for PBXNativeTarget "Estée LauderTests" */ = {
			isa = XCConfigurationList;
			buildConfigurations = (
				04A0321D26A1F761007ABC82 /* Debug */,
				04A0321E26A1F761007ABC82 /* Release */,
			);
			defaultConfigurationIsVisible = 0;
			defaultConfigurationName = Release;
		};
		04A0321F26A1F761007ABC82 /* Build configuration list for PBXNativeTarget "Estée LauderUITests" */ = {
			isa = XCConfigurationList;
			buildConfigurations = (
				04A0322026A1F761007ABC82 /* Debug */,
				04A0322126A1F761007ABC82 /* Release */,
			);
			defaultConfigurationIsVisible = 0;
			defaultConfigurationName = Release;
		};
/* End XCConfigurationList section */

/* Begin XCVersionGroup section */
		04A031F826A1F758007ABC82 /* Este_e_Lauder.xcdatamodeld */ = {
			isa = XCVersionGroup;
			children = (
				04A031F926A1F758007ABC82 /* Este_e_Lauder.xcdatamodel */,
			);
			currentVersion = 04A031F926A1F758007ABC82 /* Este_e_Lauder.xcdatamodel */;
			path = Este_e_Lauder.xcdatamodeld;
			sourceTree = "<group>";
			versionGroupType = wrapper.xcdatamodel;
		};
/* End XCVersionGroup section */
	};
	rootObject = 04A031E426A1F758007ABC82 /* Project object */;
}
